// !$*UTF8*$!
{
	archiveVersion = 1;
	classes = {
	};
	objectVersion = 56;
	objects = {

/* Begin PBXBuildFile section */
		2754C35328EB3253006A5CBD /* WeatherCell.swift in Sources */ = {isa = PBXBuildFile; fileRef = 2754C35228EB3253006A5CBD /* WeatherCell.swift */; };
		2754C37628EBFBE1006A5CBD /* WebService.swift in Sources */ = {isa = PBXBuildFile; fileRef = 2754C37528EBFBE1006A5CBD /* WebService.swift */; };
		2754C37928EBFC2A006A5CBD /* Alamofire in Frameworks */ = {isa = PBXBuildFile; productRef = 2754C37828EBFC2A006A5CBD /* Alamofire */; };
		2754C37C28EC09D3006A5CBD /* WeatherResponse.swift in Sources */ = {isa = PBXBuildFile; fileRef = 2754C37B28EC09D3006A5CBD /* WeatherResponse.swift */; };
		2754C37F28EC118D006A5CBD /* AddWeatherViewModel.swift in Sources */ = {isa = PBXBuildFile; fileRef = 2754C37E28EC118D006A5CBD /* AddWeatherViewModel.swift */; };
		2754C38228EC1267006A5CBD /* Constants.swift in Sources */ = {isa = PBXBuildFile; fileRef = 2754C38128EC1267006A5CBD /* Constants.swift */; };
		2754C38528EC14FE006A5CBD /* String+Extensions.swift in Sources */ = {isa = PBXBuildFile; fileRef = 2754C38428EC14FE006A5CBD /* String+Extensions.swift */; };
		277990A528EC1AC90016CE79 /* WeatherListViewModel.swift in Sources */ = {isa = PBXBuildFile; fileRef = 277990A428EC1AC90016CE79 /* WeatherListViewModel.swift */; };
		27A764BE28DB68FA00BB015F /* AppDelegate.swift in Sources */ = {isa = PBXBuildFile; fileRef = 27A764BD28DB68FA00BB015F /* AppDelegate.swift */; };
		27A764C028DB68FA00BB015F /* SceneDelegate.swift in Sources */ = {isa = PBXBuildFile; fileRef = 27A764BF28DB68FA00BB015F /* SceneDelegate.swift */; };
		27A764C228DB68FA00BB015F /* WeatherListViewController.swift in Sources */ = {isa = PBXBuildFile; fileRef = 27A764C128DB68FA00BB015F /* WeatherListViewController.swift */; };
		27A764C528DB68FA00BB015F /* Main.storyboard in Resources */ = {isa = PBXBuildFile; fileRef = 27A764C328DB68FA00BB015F /* Main.storyboard */; };
		27A764C728DB68FB00BB015F /* Assets.xcassets in Resources */ = {isa = PBXBuildFile; fileRef = 27A764C628DB68FB00BB015F /* Assets.xcassets */; };
		27A764CA28DB68FB00BB015F /* LaunchScreen.storyboard in Resources */ = {isa = PBXBuildFile; fileRef = 27A764C828DB68FB00BB015F /* LaunchScreen.storyboard */; };
		27A977A628E304170076FF80 /* AddWeatherCityViewController.swift in Sources */ = {isa = PBXBuildFile; fileRef = 27A977A528E304170076FF80 /* AddWeatherCityViewController.swift */; };
		27A977A928E304330076FF80 /* SnapKit in Frameworks */ = {isa = PBXBuildFile; productRef = 27A977A828E304330076FF80 /* SnapKit */; };
/* End PBXBuildFile section */

/* Begin PBXFileReference section */
		2754C35228EB3253006A5CBD /* WeatherCell.swift */ = {isa = PBXFileReference; lastKnownFileType = sourcecode.swift; path = WeatherCell.swift; sourceTree = "<group>"; };
		2754C37528EBFBE1006A5CBD /* WebService.swift */ = {isa = PBXFileReference; lastKnownFileType = sourcecode.swift; path = WebService.swift; sourceTree = "<group>"; };
		2754C37B28EC09D3006A5CBD /* WeatherResponse.swift */ = {isa = PBXFileReference; lastKnownFileType = sourcecode.swift; path = WeatherResponse.swift; sourceTree = "<group>"; };
		2754C37E28EC118D006A5CBD /* AddWeatherViewModel.swift */ = {isa = PBXFileReference; lastKnownFileType = sourcecode.swift; path = AddWeatherViewModel.swift; sourceTree = "<group>"; };
		2754C38128EC1267006A5CBD /* Constants.swift */ = {isa = PBXFileReference; lastKnownFileType = sourcecode.swift; path = Constants.swift; sourceTree = "<group>"; };
		2754C38428EC14FE006A5CBD /* String+Extensions.swift */ = {isa = PBXFileReference; lastKnownFileType = sourcecode.swift; path = "String+Extensions.swift"; sourceTree = "<group>"; };
		277990A428EC1AC90016CE79 /* WeatherListViewModel.swift */ = {isa = PBXFileReference; lastKnownFileType = sourcecode.swift; path = WeatherListViewModel.swift; sourceTree = "<group>"; };
		27A764BA28DB68FA00BB015F /* GoodWeather.app */ = {isa = PBXFileReference; explicitFileType = wrapper.application; includeInIndex = 0; path = GoodWeather.app; sourceTree = BUILT_PRODUCTS_DIR; };
		27A764BD28DB68FA00BB015F /* AppDelegate.swift */ = {isa = PBXFileReference; lastKnownFileType = sourcecode.swift; path = AppDelegate.swift; sourceTree = "<group>"; };
		27A764BF28DB68FA00BB015F /* SceneDelegate.swift */ = {isa = PBXFileReference; lastKnownFileType = sourcecode.swift; path = SceneDelegate.swift; sourceTree = "<group>"; };
		27A764C128DB68FA00BB015F /* WeatherListViewController.swift */ = {isa = PBXFileReference; lastKnownFileType = sourcecode.swift; path = WeatherListViewController.swift; sourceTree = "<group>"; };
		27A764C428DB68FA00BB015F /* Base */ = {isa = PBXFileReference; lastKnownFileType = file.storyboard; name = Base; path = Base.lproj/Main.storyboard; sourceTree = "<group>"; };
		27A764C628DB68FB00BB015F /* Assets.xcassets */ = {isa = PBXFileReference; lastKnownFileType = folder.assetcatalog; path = Assets.xcassets; sourceTree = "<group>"; };
		27A764C928DB68FB00BB015F /* Base */ = {isa = PBXFileReference; lastKnownFileType = file.storyboard; name = Base; path = Base.lproj/LaunchScreen.storyboard; sourceTree = "<group>"; };
		27A764CB28DB68FB00BB015F /* Info.plist */ = {isa = PBXFileReference; lastKnownFileType = text.plist.xml; path = Info.plist; sourceTree = "<group>"; };
		27A977A528E304170076FF80 /* AddWeatherCityViewController.swift */ = {isa = PBXFileReference; lastKnownFileType = sourcecode.swift; path = AddWeatherCityViewController.swift; sourceTree = "<group>"; };
/* End PBXFileReference section */

/* Begin PBXFrameworksBuildPhase section */
		27A764B728DB68FA00BB015F /* Frameworks */ = {
			isa = PBXFrameworksBuildPhase;
			buildActionMask = 2147483647;
			files = (
				27A977A928E304330076FF80 /* SnapKit in Frameworks */,
				2754C37928EBFC2A006A5CBD /* Alamofire in Frameworks */,
			);
			runOnlyForDeploymentPostprocessing = 0;
		};
/* End PBXFrameworksBuildPhase section */

/* Begin PBXGroup section */
		2754C35128EB3233006A5CBD /* CustomCells */ = {
			isa = PBXGroup;
			children = (
				2754C35228EB3253006A5CBD /* WeatherCell.swift */,
			);
			path = CustomCells;
			sourceTree = "<group>";
		};
		2754C37428EBFBCF006A5CBD /* Services */ = {
			isa = PBXGroup;
			children = (
				2754C37528EBFBE1006A5CBD /* WebService.swift */,
			);
			path = Services;
			sourceTree = "<group>";
		};
		2754C37A28EC099F006A5CBD /* Models */ = {
			isa = PBXGroup;
			children = (
				2754C37B28EC09D3006A5CBD /* WeatherResponse.swift */,
			);
			path = Models;
			sourceTree = "<group>";
		};
		2754C37D28EC117C006A5CBD /* VIewModels */ = {
			isa = PBXGroup;
			children = (
				2754C37E28EC118D006A5CBD /* AddWeatherViewModel.swift */,
				277990A428EC1AC90016CE79 /* WeatherListViewModel.swift */,
			);
			path = VIewModels;
			sourceTree = "<group>";
		};
		2754C38028EC1252006A5CBD /* Utils */ = {
			isa = PBXGroup;
			children = (
				2754C38128EC1267006A5CBD /* Constants.swift */,
			);
			path = Utils;
			sourceTree = "<group>";
		};
		2754C38328EC14ED006A5CBD /* Extensions */ = {
			isa = PBXGroup;
			children = (
				2754C38428EC14FE006A5CBD /* String+Extensions.swift */,
			);
			path = Extensions;
			sourceTree = "<group>";
		};
		27A764B128DB68FA00BB015F = {
			isa = PBXGroup;
			children = (
				27A764BC28DB68FA00BB015F /* GoodWeather */,
				27A764BB28DB68FA00BB015F /* Products */,
			);
			sourceTree = "<group>";
		};
		27A764BB28DB68FA00BB015F /* Products */ = {
			isa = PBXGroup;
			children = (
				27A764BA28DB68FA00BB015F /* GoodWeather.app */,
			);
			name = Products;
			sourceTree = "<group>";
		};
		27A764BC28DB68FA00BB015F /* GoodWeather */ = {
			isa = PBXGroup;
			children = (
				2754C38328EC14ED006A5CBD /* Extensions */,
				2754C38028EC1252006A5CBD /* Utils */,
				2754C37D28EC117C006A5CBD /* VIewModels */,
				2754C37A28EC099F006A5CBD /* Models */,
				2754C37428EBFBCF006A5CBD /* Services */,
				2754C35128EB3233006A5CBD /* CustomCells */,
				27A977A428E303AB0076FF80 /* Controllers */,
				27A764BD28DB68FA00BB015F /* AppDelegate.swift */,
				27A764BF28DB68FA00BB015F /* SceneDelegate.swift */,
				27A764C328DB68FA00BB015F /* Main.storyboard */,
				27A764C628DB68FB00BB015F /* Assets.xcassets */,
				27A764C828DB68FB00BB015F /* LaunchScreen.storyboard */,
				27A764CB28DB68FB00BB015F /* Info.plist */,
			);
			path = GoodWeather;
			sourceTree = "<group>";
		};
		27A977A428E303AB0076FF80 /* Controllers */ = {
			isa = PBXGroup;
			children = (
				27A764C128DB68FA00BB015F /* WeatherListViewController.swift */,
				27A977A528E304170076FF80 /* AddWeatherCityViewController.swift */,
			);
			path = Controllers;
			sourceTree = "<group>";
		};
/* End PBXGroup section */

/* Begin PBXNativeTarget section */
		27A764B928DB68FA00BB015F /* GoodWeather */ = {
			isa = PBXNativeTarget;
			buildConfigurationList = 27A764CE28DB68FB00BB015F /* Build configuration list for PBXNativeTarget "GoodWeather" */;
			buildPhases = (
				27A764B628DB68FA00BB015F /* Sources */,
				27A764B728DB68FA00BB015F /* Frameworks */,
				27A764B828DB68FA00BB015F /* Resources */,
			);
			buildRules = (
			);
			dependencies = (
			);
			name = GoodWeather;
			packageProductDependencies = (
				27A977A828E304330076FF80 /* SnapKit */,
				2754C37828EBFC2A006A5CBD /* Alamofire */,
			);
			productName = GoodWeather;
			productReference = 27A764BA28DB68FA00BB015F /* GoodWeather.app */;
			productType = "com.apple.product-type.application";
		};
/* End PBXNativeTarget section */

/* Begin PBXProject section */
		27A764B228DB68FA00BB015F /* Project object */ = {
			isa = PBXProject;
			attributes = {
				BuildIndependentTargetsInParallel = 1;
				LastSwiftUpdateCheck = 1400;
				LastUpgradeCheck = 1400;
				TargetAttributes = {
					27A764B928DB68FA00BB015F = {
						CreatedOnToolsVersion = 14.0;
					};
				};
			};
			buildConfigurationList = 27A764B528DB68FA00BB015F /* Build configuration list for PBXProject "GoodWeather" */;
			compatibilityVersion = "Xcode 14.0";
			developmentRegion = en;
			hasScannedForEncodings = 0;
			knownRegions = (
				en,
				Base,
			);
			mainGroup = 27A764B128DB68FA00BB015F;
			packageReferences = (
				27A977A728E304330076FF80 /* XCRemoteSwiftPackageReference "SnapKit" */,
				2754C37728EBFC2A006A5CBD /* XCRemoteSwiftPackageReference "Alamofire" */,
			);
			productRefGroup = 27A764BB28DB68FA00BB015F /* Products */;
			projectDirPath = "";
			projectRoot = "";
			targets = (
				27A764B928DB68FA00BB015F /* GoodWeather */,
			);
		};
/* End PBXProject section */

/* Begin PBXResourcesBuildPhase section */
		27A764B828DB68FA00BB015F /* Resources */ = {
			isa = PBXResourcesBuildPhase;
			buildActionMask = 2147483647;
			files = (
				27A764CA28DB68FB00BB015F /* LaunchScreen.storyboard in Resources */,
				27A764C728DB68FB00BB015F /* Assets.xcassets in Resources */,
				27A764C528DB68FA00BB015F /* Main.storyboard in Resources */,
			);
			runOnlyForDeploymentPostprocessing = 0;
		};
/* End PBXResourcesBuildPhase section */

/* Begin PBXSourcesBuildPhase section */
		27A764B628DB68FA00BB015F /* Sources */ = {
			isa = PBXSourcesBuildPhase;
			buildActionMask = 2147483647;
			files = (
				2754C38528EC14FE006A5CBD /* String+Extensions.swift in Sources */,
				2754C37628EBFBE1006A5CBD /* WebService.swift in Sources */,
				2754C37F28EC118D006A5CBD /* AddWeatherViewModel.swift in Sources */,
				27A764C228DB68FA00BB015F /* WeatherListViewController.swift in Sources */,
				27A764BE28DB68FA00BB015F /* AppDelegate.swift in Sources */,
				2754C37C28EC09D3006A5CBD /* WeatherResponse.swift in Sources */,
				277990A528EC1AC90016CE79 /* WeatherListViewModel.swift in Sources */,
				2754C35328EB3253006A5CBD /* WeatherCell.swift in Sources */,
				27A977A628E304170076FF80 /* AddWeatherCityViewController.swift in Sources */,
				27A764C028DB68FA00BB015F /* SceneDelegate.swift in Sources */,
				2754C38228EC1267006A5CBD /* Constants.swift in Sources */,
			);
			runOnlyForDeploymentPostprocessing = 0;
		};
/* End PBXSourcesBuildPhase section */

/* Begin PBXVariantGroup section */
		27A764C328DB68FA00BB015F /* Main.storyboard */ = {
			isa = PBXVariantGroup;
			children = (
				27A764C428DB68FA00BB015F /* Base */,
			);
			name = Main.storyboard;
			sourceTree = "<group>";
		};
		27A764C828DB68FB00BB015F /* LaunchScreen.storyboard */ = {
			isa = PBXVariantGroup;
			children = (
				27A764C928DB68FB00BB015F /* Base */,
			);
			name = LaunchScreen.storyboard;
			sourceTree = "<group>";
		};
/* End PBXVariantGroup section */

/* Begin XCBuildConfiguration section */
		27A764CC28DB68FB00BB015F /* Debug */ = {
			isa = XCBuildConfiguration;
			buildSettings = {
				ALWAYS_SEARCH_USER_PATHS = NO;
				CLANG_ANALYZER_NONNULL = YES;
				CLANG_ANALYZER_NUMBER_OBJECT_CONVERSION = YES_AGGRESSIVE;
				CLANG_CXX_LANGUAGE_STANDARD = "gnu++20";
				CLANG_ENABLE_MODULES = YES;
				CLANG_ENABLE_OBJC_ARC = YES;
				CLANG_ENABLE_OBJC_WEAK = YES;
				CLANG_WARN_BLOCK_CAPTURE_AUTORELEASING = YES;
				CLANG_WARN_BOOL_CONVERSION = YES;
				CLANG_WARN_COMMA = YES;
				CLANG_WARN_CONSTANT_CONVERSION = YES;
				CLANG_WARN_DEPRECATED_OBJC_IMPLEMENTATIONS = YES;
				CLANG_WARN_DIRECT_OBJC_ISA_USAGE = YES_ERROR;
				CLANG_WARN_DOCUMENTATION_COMMENTS = YES;
				CLANG_WARN_EMPTY_BODY = YES;
				CLANG_WARN_ENUM_CONVERSION = YES;
				CLANG_WARN_INFINITE_RECURSION = YES;
				CLANG_WARN_INT_CONVERSION = YES;
				CLANG_WARN_NON_LITERAL_NULL_CONVERSION = YES;
				CLANG_WARN_OBJC_IMPLICIT_RETAIN_SELF = YES;
				CLANG_WARN_OBJC_LITERAL_CONVERSION = YES;
				CLANG_WARN_OBJC_ROOT_CLASS = YES_ERROR;
				CLANG_WARN_QUOTED_INCLUDE_IN_FRAMEWORK_HEADER = YES;
				CLANG_WARN_RANGE_LOOP_ANALYSIS = YES;
				CLANG_WARN_STRICT_PROTOTYPES = YES;
				CLANG_WARN_SUSPICIOUS_MOVE = YES;
				CLANG_WARN_UNGUARDED_AVAILABILITY = YES_AGGRESSIVE;
				CLANG_WARN_UNREACHABLE_CODE = YES;
				CLANG_WARN__DUPLICATE_METHOD_MATCH = YES;
				COPY_PHASE_STRIP = NO;
				DEBUG_INFORMATION_FORMAT = dwarf;
				ENABLE_STRICT_OBJC_MSGSEND = YES;
				ENABLE_TESTABILITY = YES;
				GCC_C_LANGUAGE_STANDARD = gnu11;
				GCC_DYNAMIC_NO_PIC = NO;
				GCC_NO_COMMON_BLOCKS = YES;
				GCC_OPTIMIZATION_LEVEL = 0;
				GCC_PREPROCESSOR_DEFINITIONS = (
					"DEBUG=1",
					"$(inherited)",
				);
				GCC_WARN_64_TO_32_BIT_CONVERSION = YES;
				GCC_WARN_ABOUT_RETURN_TYPE = YES_ERROR;
				GCC_WARN_UNDECLARED_SELECTOR = YES;
				GCC_WARN_UNINITIALIZED_AUTOS = YES_AGGRESSIVE;
				GCC_WARN_UNUSED_FUNCTION = YES;
				GCC_WARN_UNUSED_VARIABLE = YES;
				IPHONEOS_DEPLOYMENT_TARGET = 16.0;
				MTL_ENABLE_DEBUG_INFO = INCLUDE_SOURCE;
				MTL_FAST_MATH = YES;
				ONLY_ACTIVE_ARCH = YES;
				SDKROOT = iphoneos;
				SWIFT_ACTIVE_COMPILATION_CONDITIONS = DEBUG;
				SWIFT_OPTIMIZATION_LEVEL = "-Onone";
			};
			name = Debug;
		};
		27A764CD28DB68FB00BB015F /* Release */ = {
			isa = XCBuildConfiguration;
			buildSettings = {
				ALWAYS_SEARCH_USER_PATHS = NO;
				CLANG_ANALYZER_NONNULL = YES;
				CLANG_ANALYZER_NUMBER_OBJECT_CONVERSION = YES_AGGRESSIVE;
				CLANG_CXX_LANGUAGE_STANDARD = "gnu++20";
				CLANG_ENABLE_MODULES = YES;
				CLANG_ENABLE_OBJC_ARC = YES;
				CLANG_ENABLE_OBJC_WEAK = YES;
				CLANG_WARN_BLOCK_CAPTURE_AUTORELEASING = YES;
				CLANG_WARN_BOOL_CONVERSION = YES;
				CLANG_WARN_COMMA = YES;
				CLANG_WARN_CONSTANT_CONVERSION = YES;
				CLANG_WARN_DEPRECATED_OBJC_IMPLEMENTATIONS = YES;
				CLANG_WARN_DIRECT_OBJC_ISA_USAGE = YES_ERROR;
				CLANG_WARN_DOCUMENTATION_COMMENTS = YES;
				CLANG_WARN_EMPTY_BODY = YES;
				CLANG_WARN_ENUM_CONVERSION = YES;
				CLANG_WARN_INFINITE_RECURSION = YES;
				CLANG_WARN_INT_CONVERSION = YES;
				CLANG_WARN_NON_LITERAL_NULL_CONVERSION = YES;
				CLANG_WARN_OBJC_IMPLICIT_RETAIN_SELF = YES;
				CLANG_WARN_OBJC_LITERAL_CONVERSION = YES;
				CLANG_WARN_OBJC_ROOT_CLASS = YES_ERROR;
				CLANG_WARN_QUOTED_INCLUDE_IN_FRAMEWORK_HEADER = YES;
				CLANG_WARN_RANGE_LOOP_ANALYSIS = YES;
				CLANG_WARN_STRICT_PROTOTYPES = YES;
				CLANG_WARN_SUSPICIOUS_MOVE = YES;
				CLANG_WARN_UNGUARDED_AVAILABILITY = YES_AGGRESSIVE;
				CLANG_WARN_UNREACHABLE_CODE = YES;
				CLANG_WARN__DUPLICATE_METHOD_MATCH = YES;
				COPY_PHASE_STRIP = NO;
				DEBUG_INFORMATION_FORMAT = "dwarf-with-dsym";
				ENABLE_NS_ASSERTIONS = NO;
				ENABLE_STRICT_OBJC_MSGSEND = YES;
				GCC_C_LANGUAGE_STANDARD = gnu11;
				GCC_NO_COMMON_BLOCKS = YES;
				GCC_WARN_64_TO_32_BIT_CONVERSION = YES;
				GCC_WARN_ABOUT_RETURN_TYPE = YES_ERROR;
				GCC_WARN_UNDECLARED_SELECTOR = YES;
				GCC_WARN_UNINITIALIZED_AUTOS = YES_AGGRESSIVE;
				GCC_WARN_UNUSED_FUNCTION = YES;
				GCC_WARN_UNUSED_VARIABLE = YES;
				IPHONEOS_DEPLOYMENT_TARGET = 16.0;
				MTL_ENABLE_DEBUG_INFO = NO;
				MTL_FAST_MATH = YES;
				SDKROOT = iphoneos;
				SWIFT_COMPILATION_MODE = wholemodule;
				SWIFT_OPTIMIZATION_LEVEL = "-O";
				VALIDATE_PRODUCT = YES;
			};
			name = Release;
		};
		27A764CF28DB68FB00BB015F /* Debug */ = {
			isa = XCBuildConfiguration;
			buildSettings = {
				ASSETCATALOG_COMPILER_APPICON_NAME = AppIcon;
				ASSETCATALOG_COMPILER_GLOBAL_ACCENT_COLOR_NAME = AccentColor;
				CODE_SIGN_STYLE = Automatic;
				CURRENT_PROJECT_VERSION = 1;
				DEVELOPMENT_TEAM = 82J7RU93V4;
				GENERATE_INFOPLIST_FILE = YES;
				INFOPLIST_FILE = GoodWeather/Info.plist;
				INFOPLIST_KEY_UIApplicationSupportsIndirectInputEvents = YES;
				INFOPLIST_KEY_UILaunchStoryboardName = LaunchScreen;
				INFOPLIST_KEY_UIStatusBarStyle = UIStatusBarStyleLightContent;
				INFOPLIST_KEY_UISupportedInterfaceOrientations = "UIInterfaceOrientationLandscapeLeft UIInterfaceOrientationLandscapeRight UIInterfaceOrientationPortrait";
				INFOPLIST_KEY_UISupportedInterfaceOrientations_iPad = "UIInterfaceOrientationLandscapeLeft UIInterfaceOrientationLandscapeRight UIInterfaceOrientationPortrait UIInterfaceOrientationPortraitUpsideDown";
				LD_RUNPATH_SEARCH_PATHS = (
					"$(inherited)",
					"@executable_path/Frameworks",
				);
				MARKETING_VERSION = 1.0;
				PRODUCT_BUNDLE_IDENTIFIER = seaLion.GoodWeather;
				PRODUCT_NAME = "$(TARGET_NAME)";
				SWIFT_EMIT_LOC_STRINGS = YES;
				SWIFT_VERSION = 5.0;
				TARGETED_DEVICE_FAMILY = "1,2";
			};
			name = Debug;
		};
		27A764D028DB68FB00BB015F /* Release */ = {
			isa = XCBuildConfiguration;
			buildSettings = {
				ASSETCATALOG_COMPILER_APPICON_NAME = AppIcon;
				ASSETCATALOG_COMPILER_GLOBAL_ACCENT_COLOR_NAME = AccentColor;
				CODE_SIGN_STYLE = Automatic;
				CURRENT_PROJECT_VERSION = 1;
				DEVELOPMENT_TEAM = 82J7RU93V4;
				GENERATE_INFOPLIST_FILE = YES;
				INFOPLIST_FILE = GoodWeather/Info.plist;
				INFOPLIST_KEY_UIApplicationSupportsIndirectInputEvents = YES;
				INFOPLIST_KEY_UILaunchStoryboardName = LaunchScreen;
				INFOPLIST_KEY_UIStatusBarStyle = UIStatusBarStyleLightContent;
				INFOPLIST_KEY_UISupportedInterfaceOrientations = "UIInterfaceOrientationLandscapeLeft UIInterfaceOrientationLandscapeRight UIInterfaceOrientationPortrait";
				INFOPLIST_KEY_UISupportedInterfaceOrientations_iPad = "UIInterfaceOrientationLandscapeLeft UIInterfaceOrientationLandscapeRight UIInterfaceOrientationPortrait UIInterfaceOrientationPortraitUpsideDown";
				LD_RUNPATH_SEARCH_PATHS = (
					"$(inherited)",
					"@executable_path/Frameworks",
				);
				MARKETING_VERSION = 1.0;
				PRODUCT_BUNDLE_IDENTIFIER = seaLion.GoodWeather;
				PRODUCT_NAME = "$(TARGET_NAME)";
				SWIFT_EMIT_LOC_STRINGS = YES;
				SWIFT_VERSION = 5.0;
				TARGETED_DEVICE_FAMILY = "1,2";
			};
			name = Release;
		};
/* End XCBuildConfiguration section */

/* Begin XCConfigurationList section */
		27A764B528DB68FA00BB015F /* Build configuration list for PBXProject "GoodWeather" */ = {
			isa = XCConfigurationList;
			buildConfigurations = (
				27A764CC28DB68FB00BB015F /* Debug */,
				27A764CD28DB68FB00BB015F /* Release */,
			);
			defaultConfigurationIsVisible = 0;
			defaultConfigurationName = Release;
		};
		27A764CE28DB68FB00BB015F /* Build configuration list for PBXNativeTarget "GoodWeather" */ = {
			isa = XCConfigurationList;
			buildConfigurations = (
				27A764CF28DB68FB00BB015F /* Debug */,
				27A764D028DB68FB00BB015F /* Release */,
			);
			defaultConfigurationIsVisible = 0;
			defaultConfigurationName = Release;
		};
/* End XCConfigurationList section */

/* Begin XCRemoteSwiftPackageReference section */
		2754C37728EBFC2A006A5CBD /* XCRemoteSwiftPackageReference "Alamofire" */ = {
			isa = XCRemoteSwiftPackageReference;
			repositoryURL = "https://github.com/Alamofire/Alamofire.git";
			requirement = {
				kind = upToNextMinorVersion;
				minimumVersion = 5.6.0;
			};
		};
		27A977A728E304330076FF80 /* XCRemoteSwiftPackageReference "SnapKit" */ = {
			isa = XCRemoteSwiftPackageReference;
			repositoryURL = "https://github.com/SnapKit/SnapKit.git";
			requirement = {
				kind = upToNextMinorVersion;
				minimumVersion = 5.6.0;
			};
		};
/* End XCRemoteSwiftPackageReference section */

/* Begin XCSwiftPackageProductDependency section */
		2754C37828EBFC2A006A5CBD /* Alamofire */ = {
			isa = XCSwiftPackageProductDependency;
			package = 2754C37728EBFC2A006A5CBD /* XCRemoteSwiftPackageReference "Alamofire" */;
			productName = Alamofire;
		};
		27A977A828E304330076FF80 /* SnapKit */ = {
			isa = XCSwiftPackageProductDependency;
			package = 27A977A728E304330076FF80 /* XCRemoteSwiftPackageReference "SnapKit" */;
			productName = SnapKit;
		};
/* End XCSwiftPackageProductDependency section */
	};
	rootObject = 27A764B228DB68FA00BB015F /* Project object */;
}
